// !$*UTF8*$!
{
	archiveVersion = 1;
	classes = {
	};
	objectVersion = 46;
	objects = {

/* Begin PBXBuildFile section */
		7556447A1E249A95007C6143 /* AppDelegate.swift in Sources */ = {isa = PBXBuildFile; fileRef = 755644791E249A95007C6143 /* AppDelegate.swift */; };
		7556447C1E249A95007C6143 /* ViewController.swift in Sources */ = {isa = PBXBuildFile; fileRef = 7556447B1E249A95007C6143 /* ViewController.swift */; };
		7556447F1E249A95007C6143 /* Main.storyboard in Resources */ = {isa = PBXBuildFile; fileRef = 7556447D1E249A95007C6143 /* Main.storyboard */; };
		755644811E249A95007C6143 /* Assets.xcassets in Resources */ = {isa = PBXBuildFile; fileRef = 755644801E249A95007C6143 /* Assets.xcassets */; };
		755644841E249A95007C6143 /* LaunchScreen.storyboard in Resources */ = {isa = PBXBuildFile; fileRef = 755644821E249A95007C6143 /* LaunchScreen.storyboard */; };
/* End PBXBuildFile section */

/* Begin PBXFileReference section */
		755644761E249A95007C6143 /* TwitterStory.app */ = {isa = PBXFileReference; explicitFileType = wrapper.application; includeInIndex = 0; path = TwitterStory.app; sourceTree = BUILT_PRODUCTS_DIR; };
		755644791E249A95007C6143 /* AppDelegate.swift */ = {isa = PBXFileReference; lastKnownFileType = sourcecode.swift; path = AppDelegate.swift; sourceTree = "<group>"; };
		7556447B1E249A95007C6143 /* ViewController.swift */ = {isa = PBXFileReference; lastKnownFileType = sourcecode.swift; path = ViewController.swift; sourceTree = "<group>"; };
		7556447E1E249A95007C6143 /* Base */ = {isa = PBXFileReference; lastKnownFileType = file.storyboard; name = Base; path = Base.lproj/Main.storyboard; sourceTree = "<group>"; };
		755644801E249A95007C6143 /* Assets.xcassets */ = {isa = PBXFileReference; lastKnownFileType = folder.assetcatalog; path = Assets.xcassets; sourceTree = "<group>"; };
		755644831E249A95007C6143 /* Base */ = {isa = PBXFileReference; lastKnownFileType = file.storyboard; name = Base; path = Base.lproj/LaunchScreen.storyboard; sourceTree = "<group>"; };
		755644851E249A95007C6143 /* Info.plist */ = {isa = PBXFileReference; lastKnownFileType = text.plist.xml; path = Info.plist; sourceTree = "<group>"; };
/* End PBXFileReference section */

/* Begin PBXFrameworksBuildPhase section */
		755644731E249A95007C6143 /* Frameworks */ = {
			isa = PBXFrameworksBuildPhase;
			buildActionMask = 2147483647;
			files = (
			);
			runOnlyForDeploymentPostprocessing = 0;
		};
/* End PBXFrameworksBuildPhase section */

/* Begin PBXGroup section */
		7556446D1E249A95007C6143 = {
			isa = PBXGroup;
			children = (
				755644781E249A95007C6143 /* TwitterStory */,
				755644771E249A95007C6143 /* Products */,
			);
			sourceTree = "<group>";
		};
		755644771E249A95007C6143 /* Products */ = {
			isa = PBXGroup;
			children = (
				755644761E249A95007C6143 /* TwitterStory.app */,
			);
			name = Products;
			sourceTree = "<group>";
		};
		755644781E249A95007C6143 /* TwitterStory */ = {
			isa = PBXGroup;
			children = (
				755644791E249A95007C6143 /* AppDelegate.swift */,
				7556447B1E249A95007C6143 /* ViewController.swift */,
				7556447D1E249A95007C6143 /* Main.storyboard */,
				755644801E249A95007C6143 /* Assets.xcassets */,
				755644821E249A95007C6143 /* LaunchScreen.storyboard */,
				755644851E249A95007C6143 /* Info.plist */,
			);
			path = TwitterStory;
			sourceTree = "<group>";
		};
/* End PBXGroup section */

/* Begin PBXNativeTarget section */
		755644751E249A95007C6143 /* TwitterStory */ = {
			isa = PBXNativeTarget;
			buildConfigurationList = 755644881E249A95007C6143 /* Build configuration list for PBXNativeTarget "TwitterStory" */;
			buildPhases = (
				755644721E249A95007C6143 /* Sources */,
				755644731E249A95007C6143 /* Frameworks */,
				755644741E249A95007C6143 /* Resources */,
			);
			buildRules = (
			);
			dependencies = (
			);
			name = TwitterStory;
			productName = TwitterStory;
			productReference = 755644761E249A95007C6143 /* TwitterStory.app */;
			productType = "com.apple.product-type.application";
		};
/* End PBXNativeTarget section */

/* Begin PBXProject section */
		7556446E1E249A95007C6143 /* Project object */ = {
			isa = PBXProject;
			attributes = {
				LastSwiftUpdateCheck = 0820;
				LastUpgradeCheck = 0820;
				ORGANIZATIONNAME = "Claybrook Software";
				TargetAttributes = {
					755644751E249A95007C6143 = {
						CreatedOnToolsVersion = 8.2.1;
						DevelopmentTeam = 4SGAZDJL4U;
						ProvisioningStyle = Automatic;
					};
				};
			};
			buildConfigurationList = 755644711E249A95007C6143 /* Build configuration list for PBXProject "TwitterStory" */;
			compatibilityVersion = "Xcode 3.2";
			developmentRegion = English;
			hasScannedForEncodings = 0;
			knownRegions = (
				en,
				Base,
			);
			mainGroup = 7556446D1E249A95007C6143;
			productRefGroup = 755644771E249A95007C6143 /* Products */;
			projectDirPath = "";
			projectRoot = "";
			targets = (
				755644751E249A95007C6143 /* TwitterStory */,
			);
		};
/* End PBXProject section */

/* Begin PBXResourcesBuildPhase section */
		755644741E249A95007C6143 /* Resources */ = {
			isa = PBXResourcesBuildPhase;
			buildActionMask = 2147483647;
			files = (
				755644841E249A95007C6143 /* LaunchScreen.storyboard in Resources */,
				755644811E249A95007C6143 /* Assets.xcassets in Resources */,
				7556447F1E249A95007C6143 /* Main.storyboard in Resources */,
			);
			runOnlyForDeploymentPostprocessing = 0;
		};
/* End PBXResourcesBuildPhase section */

/* Begin PBXSourcesBuildPhase section */
		755644721E249A95007C6143 /* Sources */ = {
			isa = PBXSourcesBuildPhase;
			buildActionMask = 2147483647;
			files = (
				7556447C1E249A95007C6143 /* ViewController.swift in Sources */,
				7556447A1E249A95007C6143 /* AppDelegate.swift in Sources */,
			);
			runOnlyForDeploymentPostprocessing = 0;
		};
/* End PBXSourcesBuildPhase section */

/* Begin PBXVariantGroup section */
		7556447D1E249A95007C6143 /* Main.storyboard */ = {
			isa = PBXVariantGroup;
			children = (
				7556447E1E249A95007C6143 /* Base */,
			);
			name = Main.storyboard;
			sourceTree = "<group>";
		};
		755644821E249A95007C6143 /* LaunchScreen.storyboard */ = {
			isa = PBXVariantGroup;
			children = (
				755644831E249A95007C6143 /* Base */,
			);
			name = LaunchScreen.storyboard;
			sourceTree = "<group>";
		};
/* End PBXVariantGroup section */

/* Begin XCBuildConfiguration section */
		755644861E249A95007C6143 /* Debug */ = {
			isa = XCBuildConfiguration;
			buildSettings = {
				ALWAYS_SEARCH_USER_PATHS = NO;
				CLANG_ANALYZER_NONNULL = YES;
				CLANG_CXX_LANGUAGE_STANDARD = "gnu++0x";
				CLANG_CXX_LIBRARY = "libc++";
				CLANG_ENABLE_MODULES = YES;
				CLANG_ENABLE_OBJC_ARC = YES;
				CLANG_WARN_BOOL_CONVERSION = YES;
				CLANG_WARN_CONSTANT_CONVERSION = YES;
				CLANG_WARN_DIRECT_OBJC_ISA_USAGE = YES_ERROR;
				CLANG_WARN_DOCUMENTATION_COMMENTS = YES;
				CLANG_WARN_EMPTY_BODY = YES;
				CLANG_WARN_ENUM_CONVERSION = YES;
				CLANG_WARN_INFINITE_RECURSION = YES;
				CLANG_WARN_INT_CONVERSION = YES;
				CLANG_WARN_OBJC_ROOT_CLASS = YES_ERROR;
				CLANG_WARN_SUSPICIOUS_MOVE = YES;
				CLANG_WARN_UNREACHABLE_CODE = YES;
				CLANG_WARN__DUPLICATE_METHOD_MATCH = YES;
				"CODE_SIGN_IDENTITY[sdk=iphoneos*]" = "iPhone Developer";
				COPY_PHASE_STRIP = NO;
				DEBUG_INFORMATION_FORMAT = dwarf;
				ENABLE_STRICT_OBJC_MSGSEND = YES;
				ENABLE_TESTABILITY = YES;
				GCC_C_LANGUAGE_STANDARD = gnu99;
				GCC_DYNAMIC_NO_PIC = NO;
				GCC_NO_COMMON_BLOCKS = YES;
				GCC_OPTIMIZATION_LEVEL = 0;
				GCC_PREPROCESSOR_DEFINITIONS = (
					"DEBUG=1",
					"$(inherited)",
				);
				GCC_WARN_64_TO_32_BIT_CONVERSION = YES;
				GCC_WARN_ABOUT_RETURN_TYPE = YES_ERROR;
				GCC_WARN_UNDECLARED_SELECTOR = YES;
				GCC_WARN_UNINITIALIZED_AUTOS = YES_AGGRESSIVE;
				GCC_WARN_UNUSED_FUNCTION = YES;
				GCC_WARN_UNUSED_VARIABLE = YES;
				IPHONEOS_DEPLOYMENT_TARGET = 10.2;
				MTL_ENABLE_DEBUG_INFO = YES;
				ONLY_ACTIVE_ARCH = YES;
				SDKROOT = iphoneos;
				SWIFT_ACTIVE_COMPILATION_CONDITIONS = DEBUG;
				SWIFT_OPTIMIZATION_LEVEL = "-Onone";
				TARGETED_DEVICE_FAMILY = "1,2";
			};
			name = Debug;
		};
		755644871E249A95007C6143 /* Release */ = {
			isa = XCBuildConfiguration;
			buildSettings = {
				ALWAYS_SEARCH_USER_PATHS = NO;
				CLANG_ANALYZER_NONNULL = YES;
				CLANG_CXX_LANGUAGE_STANDARD = "gnu++0x";
				CLANG_CXX_LIBRARY = "libc++";
				CLANG_ENABLE_MODULES = YES;
				CLANG_ENABLE_OBJC_ARC = YES;
				CLANG_WARN_BOOL_CONVERSION = YES;
				CLANG_WARN_CONSTANT_CONVERSION = YES;
				CLANG_WARN_DIRECT_OBJC_ISA_USAGE = YES_ERROR;
				CLANG_WARN_DOCUMENTATION_COMMENTS = YES;
				CLANG_WARN_EMPTY_BODY = YES;
				CLANG_WARN_ENUM_CONVERSION = YES;
				CLANG_WARN_INFINITE_RECURSION = YES;
				CLANG_WARN_INT_CONVERSION = YES;
				CLANG_WARN_OBJC_ROOT_CLASS = YES_ERROR;
				CLANG_WARN_SUSPICIOUS_MOVE = YES;
				CLANG_WARN_UNREACHABLE_CODE = YES;
				CLANG_WARN__DUPLICATE_METHOD_MATCH = YES;
				"CODE_SIGN_IDENTITY[sdk=iphoneos*]" = "iPhone Developer";
				COPY_PHASE_STRIP = NO;
				DEBUG_INFORMATION_FORMAT = "dwarf-with-dsym";
				ENABLE_NS_ASSERTIONS = NO;
				ENABLE_STRICT_OBJC_MSGSEND = YES;
				GCC_C_LANGUAGE_STANDARD = gnu99;
				GCC_NO_COMMON_BLOCKS = YES;
				GCC_WARN_64_TO_32_BIT_CONVERSION = YES;
				GCC_WARN_ABOUT_RETURN_TYPE = YES_ERROR;
				GCC_WARN_UNDECLARED_SELECTOR = YES;
				GCC_WARN_UNINITIALIZED_AUTOS = YES_AGGRESSIVE;
				GCC_WARN_UNUSED_FUNCTION = YES;
				GCC_WARN_UNUSED_VARIABLE = YES;
				IPHONEOS_DEPLOYMENT_TARGET = 10.2;
				MTL_ENABLE_DEBUG_INFO = NO;
				SDKROOT = iphoneos;
				SWIFT_OPTIMIZATION_LEVEL = "-Owholemodule";
				TARGETED_DEVICE_FAMILY = "1,2";
				VALIDATE_PRODUCT = YES;
			};
			name = Release;
		};
		755644891E249A95007C6143 /* Debug */ = {
			isa = XCBuildConfiguration;
			buildSettings = {
				ASSETCATALOG_COMPILER_APPICON_NAME = AppIcon;
				DEVELOPMENT_TEAM = 4SGAZDJL4U;
				INFOPLIST_FILE = TwitterStory/Info.plist;
				LD_RUNPATH_SEARCH_PATHS = "$(inherited) @executable_path/Frameworks";
				PRODUCT_BUNDLE_IDENTIFIER = com.claybrooksoftware.TwitterStory;
				PRODUCT_NAME = "$(TARGET_NAME)";
				SWIFT_VERSION = 3.0;
			};
			name = Debug;
		};
		7556448A1E249A95007C6143 /* Release */ = {
			isa = XCBuildConfiguration;
			buildSettings = {
				ASSETCATALOG_COMPILER_APPICON_NAME = AppIcon;
				DEVELOPMENT_TEAM = 4SGAZDJL4U;
				INFOPLIST_FILE = TwitterStory/Info.plist;
				LD_RUNPATH_SEARCH_PATHS = "$(inherited) @executable_path/Frameworks";
				PRODUCT_BUNDLE_IDENTIFIER = com.claybrooksoftware.TwitterStory;
				PRODUCT_NAME = "$(TARGET_NAME)";
				SWIFT_VERSION = 3.0;
			};
			name = Release;
		};
/* End XCBuildConfiguration section */

/* Begin XCConfigurationList section */
		755644711E249A95007C6143 /* Build configuration list for PBXProject "TwitterStory" */ = {
			isa = XCConfigurationList;
			buildConfigurations = (
				755644861E249A95007C6143 /* Debug */,
				755644871E249A95007C6143 /* Release */,
			);
			defaultConfigurationIsVisible = 0;
			defaultConfigurationName = Release;
		};
		755644881E249A95007C6143 /* Build configuration list for PBXNativeTarget "TwitterStory" */ = {
			isa = XCConfigurationList;
			buildConfigurations = (
				755644891E249A95007C6143 /* Debug */,
				7556448A1E249A95007C6143 /* Release */,
			);
			defaultConfigurationIsVisible = 0;
		};
/* End XCConfigurationList section */
	};
	rootObject = 7556446E1E249A95007C6143 /* Project object */;
}
